PODS:
  - AKMaskField (2.0.3)
  - Crashlytics (3.10.9):
    - Fabric (~> 1.7.13)
  - DGRunkeeperSwitch (1.1.4)
  - Fabric (1.7.13)
  - Firebase (5.20.2):
    - Firebase/Core (= 5.20.2)
  - Firebase/Analytics (5.20.2):
    - Firebase/Core
  - Firebase/Core (5.20.2):
    - Firebase/CoreOnly
    - FirebaseAnalytics (= 5.8.1)
  - Firebase/CoreOnly (5.20.2):
    - FirebaseCore (= 5.4.1)
  - Firebase/Crash (5.20.2):
    - Firebase/Core
    - FirebaseCrash (= 3.1.1)
  - Firebase/Messaging (5.20.2):
    - Firebase/CoreOnly
    - FirebaseMessaging (= 3.5.0)
  - FirebaseAnalytics (5.8.1):
    - FirebaseCore (~> 5.4)
    - FirebaseInstanceID (~> 3.8)
    - GoogleAppMeasurement (= 5.8.1)
    - GoogleUtilities/AppDelegateSwizzler (~> 5.2)
    - GoogleUtilities/MethodSwizzler (~> 5.2)
    - GoogleUtilities/Network (~> 5.2)
    - "GoogleUtilities/NSData+zlib (~> 5.2)"
    - nanopb (~> 0.3)
  - FirebaseAnalyticsInterop (1.2.0)
  - FirebaseCore (5.4.1):
    - GoogleUtilities/Environment (~> 5.2)
    - GoogleUtilities/Logger (~> 5.2)
  - FirebaseCrash (3.1.1):
    - FirebaseAnalytics (~> 5.1)
    - FirebaseInstanceID (~> 3.2)
    - GoogleToolboxForMac/Logger (~> 2.1)
    - "GoogleToolboxForMac/NSData+zlib (~> 2.1)"
    - Protobuf (~> 3.5)
  - FirebaseInstanceID (3.8.1):
    - FirebaseCore (~> 5.2)
    - GoogleUtilities/Environment (~> 5.2)
    - GoogleUtilities/UserDefaults (~> 5.2)
  - FirebaseMessaging (3.5.0):
    - FirebaseAnalyticsInterop (~> 1.1)
    - FirebaseCore (~> 5.2)
    - FirebaseInstanceID (~> 3.6)
    - GoogleUtilities/Environment (~> 5.3)
    - GoogleUtilities/Reachability (~> 5.3)
    - GoogleUtilities/UserDefaults (~> 5.3)
    - Protobuf (~> 3.1)
  - GoogleAppMeasurement (5.8.1):
    - GoogleUtilities/AppDelegateSwizzler (~> 5.2)
    - GoogleUtilities/MethodSwizzler (~> 5.2)
    - GoogleUtilities/Network (~> 5.2)
    - "GoogleUtilities/NSData+zlib (~> 5.2)"
    - nanopb (~> 0.3)
  - GoogleToolboxForMac/Defines (2.2.1)
  - GoogleToolboxForMac/Logger (2.2.1):
    - GoogleToolboxForMac/Defines (= 2.2.1)
  - "GoogleToolboxForMac/NSData+zlib (2.2.1)":
    - GoogleToolboxForMac/Defines (= 2.2.1)
  - GoogleUtilities/AppDelegateSwizzler (5.8.0):
    - GoogleUtilities/Environment
    - GoogleUtilities/Logger
    - GoogleUtilities/Network
  - GoogleUtilities/Environment (5.8.0)
  - GoogleUtilities/Logger (5.8.0):
    - GoogleUtilities/Environment
  - GoogleUtilities/MethodSwizzler (5.8.0):
    - GoogleUtilities/Logger
  - GoogleUtilities/Network (5.8.0):
    - GoogleUtilities/Logger
    - "GoogleUtilities/NSData+zlib"
    - GoogleUtilities/Reachability
  - "GoogleUtilities/NSData+zlib (5.8.0)"
  - GoogleUtilities/Reachability (5.8.0):
    - GoogleUtilities/Logger
  - GoogleUtilities/UserDefaults (5.8.0):
    - GoogleUtilities/Logger
  - nanopb (0.3.901):
    - nanopb/decode (= 0.3.901)
    - nanopb/encode (= 0.3.901)
  - nanopb/decode (0.3.901)
  - nanopb/encode (0.3.901)
  - Protobuf (3.8.0)

DEPENDENCIES:
  - AKMaskField
  - Crashlytics (~> 3.10.1)
  - DGRunkeeperSwitch (~> 1.1.4)
  - Fabric (~> 1.7.6)
  - Firebase
  - Firebase/Analytics
  - Firebase/Core
  - Firebase/Crash
  - Firebase/Messaging

SPEC REPOS:
  https://github.com/cocoapods/specs.git:
    - AKMaskField
    - Crashlytics
    - DGRunkeeperSwitch
    - Fabric
    - Firebase
    - FirebaseAnalytics
    - FirebaseAnalyticsInterop
    - FirebaseCore
    - FirebaseCrash
    - FirebaseInstanceID
    - FirebaseMessaging
    - GoogleAppMeasurement
    - GoogleToolboxForMac
    - GoogleUtilities
    - nanopb
    - Protobuf

SPEC CHECKSUMS:
  AKMaskField: b6d147524813e62cd3f15475fa2200ce7a3d2620
  Crashlytics: 55e24fc23989680285a21cb1146578d9d18e432c
  DGRunkeeperSwitch: cc237936f42237307f5e212e18136a27bf907bf1
  Fabric: 25d0963b691fc97be566392243ff0ecef5a68338
  Firebase: 0c8cf33f266410c61ab3e2265cfa412200351d9c
  FirebaseAnalytics: ece1aa57a4f43c64d53a648b5a5e05151aae947b
  FirebaseAnalyticsInterop: efbe45c8385ec626e29f9525e5ebd38520dfb6c1
  FirebaseCore: f1a9a8be1aee4bf71a2fc0f4096df6788bdfda61
  FirebaseCrash: 011365f2c0dfac64315109103ed350bacfcdc03f
  FirebaseInstanceID: a122b0c258720cf250551bb2bedf48c699f80d90
  FirebaseMessaging: 4235f949ce1c4e827aeb19705ba5c53f9b85aa10
  GoogleAppMeasurement: ffe513e90551844a739e7bcbb1d2aca1c28a4338
  GoogleToolboxForMac: b3553629623a3b1bff17f555e736cd5a6d95ad55
  GoogleUtilities: 04fce34bcd5620c1ee76fb79172105c74a4df335
  nanopb: 2901f78ea1b7b4015c860c2fdd1ea2fee1a18d48
  Protobuf: 3f617b9a6e73605565086864c9bc26b2bf2dd5a3

PODFILE CHECKSUM: 4badcb839d0ccd1406fbc3429cdf05d24d3175c0

COCOAPODS: 1.6.1
